
Microsoft Visual Studio Solution File, Format Version 12.00
# Visual Studio 15
Project("{FAE04EC0-301F-11D3-BF4B-00C04F79EFBC}") = "Unity.Timeline", "Unity.Timeline.csproj", "{05388EF6-E2E9-76E7-1228-5B369C917A27}"
EndProject
Project("{FAE04EC0-301F-11D3-BF4B-00C04F79EFBC}") = "Unity.VisualEffectGraph.Editor", "Unity.VisualEffectGraph.Editor.csproj", "{7E4ACF1C-0CE5-32B7-2862-CAF267D00942}"
EndProject
Project("{FAE04EC0-301F-11D3-BF4B-00C04F79EFBC}") = "Unity.TerrainTools.Editor", "Unity.TerrainTools.Editor.csproj", "{26B9D78D-2B8C-707C-017E-5580CB415EEB}"
EndProject
Project("{FAE04EC0-301F-11D3-BF4B-00C04F79EFBC}") = "Unity.ShaderGraph.Editor", "Unity.ShaderGraph.Editor.csproj", "{1410B2E6-7F1A-E8CF-630A-0B9E76233E46}"
EndProject
Project("{FAE04EC0-301F-11D3-BF4B-00C04F79EFBC}") = "Unity.InputSystem", "Unity.InputSystem.csproj", "{BD459600-E13D-AAF5-A08E-777A85C3B95A}"
EndProject
Project("{FAE04EC0-301F-11D3-BF4B-00C04F79EFBC}") = "Unity.VisualScripting.Flow", "Unity.VisualScripting.Flow.csproj", "{8ECFCAB1-2A07-5FA1-3E72-979AAB1903E7}"
EndProject
Project("{FAE04EC0-301F-11D3-BF4B-00C04F79EFBC}") = "Unity.RenderPipelines.Universal.Runtime", "Unity.RenderPipelines.Universal.Runtime.csproj", "{46D6FE77-C97E-02F3-B5B8-56A53E2FC387}"
EndProject
Project("{FAE04EC0-301F-11D3-BF4B-00C04F79EFBC}") = "UnityEditor.UI", "UnityEditor.UI.csproj", "{DCC7111B-5C8C-5307-7852-762795DA7BD0}"
EndProject
Project("{FAE04EC0-301F-11D3-BF4B-00C04F79EFBC}") = "Unity.Timeline.Editor", "Unity.Timeline.Editor.csproj", "{7F88DC19-7819-09A9-260B-523ECF97460C}"
EndProject
Project("{FAE04EC0-301F-11D3-BF4B-00C04F79EFBC}") = "Unity.PlasticSCM.Editor", "Unity.PlasticSCM.Editor.csproj", "{FAE1B13D-B04F-FF74-2063-D79AB0B209FF}"
EndProject
Project("{FAE04EC0-301F-11D3-BF4B-00C04F79EFBC}") = "Unity.RenderPipelines.Core.Runtime", "Unity.RenderPipelines.Core.Runtime.csproj", "{608BD3B3-AEBF-01EB-379E-DCA052BB0C5D}"
EndProject
Project("{FAE04EC0-301F-11D3-BF4B-00C04F79EFBC}") = "Unity.Mathematics", "Unity.Mathematics.csproj", "{0BAA26E1-173B-297A-F0F1-6ABFA382DFF5}"
EndProject
Project("{FAE04EC0-301F-11D3-BF4B-00C04F79EFBC}") = "Unity.RenderPipelines.Core.Editor", "Unity.RenderPipelines.Core.Editor.csproj", "{9B7EFCC8-78B0-99E8-B076-FF9A177B98C6}"
EndProject
Project("{FAE04EC0-301F-11D3-BF4B-00C04F79EFBC}") = "Unity.VisualScripting.Core.Editor", "Unity.VisualScripting.Core.Editor.csproj", "{40AFF586-57F9-2A7C-3715-2FB2685C83DD}"
EndProject
Project("{FAE04EC0-301F-11D3-BF4B-00C04F79EFBC}") = "UnityEditor.TestRunner", "UnityEditor.TestRunner.csproj", "{96566466-41B5-5DB0-6CE2-5EAC84F5B11A}"
EndProject
Project("{FAE04EC0-301F-11D3-BF4B-00C04F79EFBC}") = "Unity.RenderPipelines.Universal.Editor", "Unity.RenderPipelines.Universal.Editor.csproj", "{6EC59683-6659-F6CB-3F6F-591799FBF18C}"
EndProject
Project("{FAE04EC0-301F-11D3-BF4B-00C04F79EFBC}") = "Unity.TextMeshPro.Editor", "Unity.TextMeshPro.Editor.csproj", "{E4AB05E4-EB3D-B39B-6617-9FA9DDDB4AE3}"
EndProject
Project("{FAE04EC0-301F-11D3-BF4B-00C04F79EFBC}") = "Unity.VisualScripting.Flow.Editor", "Unity.VisualScripting.Flow.Editor.csproj", "{BAB7DD01-3616-DFDB-62E2-5AB2CC3E9D98}"
EndProject
Project("{FAE04EC0-301F-11D3-BF4B-00C04F79EFBC}") = "UnityEngine.TestRunner", "UnityEngine.TestRunner.csproj", "{D2931067-EB63-AA96-651A-973BFFDA14F0}"
EndProject
Project("{FAE04EC0-301F-11D3-BF4B-00C04F79EFBC}") = "Unity.VisualScripting.Core", "Unity.VisualScripting.Core.csproj", "{718983F7-7132-923F-7232-0474B34E73C1}"
EndProject
Project("{FAE04EC0-301F-11D3-BF4B-00C04F79EFBC}") = "Unity.Searcher.Editor", "Unity.Searcher.Editor.csproj", "{844DFEB5-B44F-3F3C-C669-F3DADDA68487}"
EndProject
Project("{FAE04EC0-301F-11D3-BF4B-00C04F79EFBC}") = "Unity.Burst", "Unity.Burst.csproj", "{09FC9863-B88E-6F68-7DEE-53512CBD6E65}"
EndProject
Project("{FAE04EC0-301F-11D3-BF4B-00C04F79EFBC}") = "Cinemachine", "Cinemachine.csproj", "{BE5996B6-41B8-31D8-F047-D17DFD38F1A1}"
EndProject
Project("{FAE04EC0-301F-11D3-BF4B-00C04F79EFBC}") = "Unity.VisualStudio.Editor", "Unity.VisualStudio.Editor.csproj", "{CACEC754-CCFC-0505-27FA-43EB12E491DF}"
EndProject
Project("{FAE04EC0-301F-11D3-BF4B-00C04F79EFBC}") = "PPv2URPConverters", "PPv2URPConverters.csproj", "{81EC4219-F38B-2EE8-01C7-4620917C4D4A}"
EndProject
Project("{FAE04EC0-301F-11D3-BF4B-00C04F79EFBC}") = "Unity.TestTools.CodeCoverage.Editor.OpenCover.Model", "Unity.TestTools.CodeCoverage.Editor.OpenCover.Model.csproj", "{76107945-4FCC-FA00-B66D-DB052F03306E}"
EndProject
Project("{FAE04EC0-301F-11D3-BF4B-00C04F79EFBC}") = "Unity.Rider.Editor", "Unity.Rider.Editor.csproj", "{7643CE5D-BB5F-C449-2F55-CF74DA5634F1}"
EndProject
Project("{FAE04EC0-301F-11D3-BF4B-00C04F79EFBC}") = "Unity.VisualEffectGraph.Runtime", "Unity.VisualEffectGraph.Runtime.csproj", "{F1EF66EB-3BA1-5825-B9C2-1E225308FDBF}"
EndProject
Project("{FAE04EC0-301F-11D3-BF4B-00C04F79EFBC}") = "Unity.VisualScripting.State.Editor", "Unity.VisualScripting.State.Editor.csproj", "{4CA2B058-9682-84EB-1FF2-ACA62E91ED9F}"
EndProject
Project("{FAE04EC0-301F-11D3-BF4B-00C04F79EFBC}") = "com.unity.cinemachine.editor", "com.unity.cinemachine.editor.csproj", "{E42A6B95-F214-FE94-3AA5-61A9F66EE833}"
EndProject
Project("{FAE04EC0-301F-11D3-BF4B-00C04F79EFBC}") = "UnityEngine.UI", "UnityEngine.UI.csproj", "{D79E7D4B-F8CF-7538-E62F-49AB3BDFFD21}"
EndProject
Project("{FAE04EC0-301F-11D3-BF4B-00C04F79EFBC}") = "Unity.TestTools.CodeCoverage.Editor", "Unity.TestTools.CodeCoverage.Editor.csproj", "{2F26F907-9C30-BB3C-E7EE-4573B4F85AEE}"
EndProject
Project("{FAE04EC0-301F-11D3-BF4B-00C04F79EFBC}") = "Unity.Burst.CodeGen", "Unity.Burst.CodeGen.csproj", "{D29E6575-36D8-7261-1348-1826272379E5}"
EndProject
Project("{FAE04EC0-301F-11D3-BF4B-00C04F79EFBC}") = "Unity.RenderPipeline.Universal.ShaderLibrary", "Unity.RenderPipeline.Universal.ShaderLibrary.csproj", "{B8D3B5B4-F3E9-4926-BD64-65980871969B}"
EndProject
Project("{FAE04EC0-301F-11D3-BF4B-00C04F79EFBC}") = "Unity.VisualScripting.State", "Unity.VisualScripting.State.csproj", "{1BFED2FB-C9AF-CE30-6460-4D9C385939D0}"
EndProject
Project("{FAE04EC0-301F-11D3-BF4B-00C04F79EFBC}") = "Unity.TextMeshPro", "Unity.TextMeshPro.csproj", "{527585CA-0C4F-95C7-C53A-D4E3D76AC33A}"
EndProject
Project("{FAE04EC0-301F-11D3-BF4B-00C04F79EFBC}") = "Unity.Performance.Profile-Analyzer.Editor", "Unity.Performance.Profile-Analyzer.Editor.csproj", "{867797B7-0F7A-D67A-C7E8-0282FB93196F}"
EndProject
Project("{FAE04EC0-301F-11D3-BF4B-00C04F79EFBC}") = "Unity.VisualScripting.SettingsProvider.Editor", "Unity.VisualScripting.SettingsProvider.Editor.csproj", "{98AD421F-A4A7-C38B-AB74-9D92F2F1751A}"
EndProject
Project("{FAE04EC0-301F-11D3-BF4B-00C04F79EFBC}") = "Unity.VSCode.Editor", "Unity.VSCode.Editor.csproj", "{5D115D2B-35B0-CA71-60CB-7E125F986B49}"
EndProject
Project("{FAE04EC0-301F-11D3-BF4B-00C04F79EFBC}") = "Unity.Burst.Editor", "Unity.Burst.Editor.csproj", "{498DAB16-036A-E8F9-2828-34D55A56D29F}"
EndProject
Project("{FAE04EC0-301F-11D3-BF4B-00C04F79EFBC}") = "Unity.TestTools.CodeCoverage.Editor.OpenCover.Mono.Reflection", "Unity.TestTools.CodeCoverage.Editor.OpenCover.Mono.Reflection.csproj", "{21CCC87D-DF3B-6928-F9E4-8A42A66E8F1F}"
EndProject
Project("{FAE04EC0-301F-11D3-BF4B-00C04F79EFBC}") = "Unity.Settings.Editor", "Unity.Settings.Editor.csproj", "{CF2EA79C-2A6C-6FEE-4260-756422DBFCD6}"
EndProject
Project("{FAE04EC0-301F-11D3-BF4B-00C04F79EFBC}") = "Assembly-CSharp", "Assembly-CSharp.csproj", "{513654B2-DC8E-8648-3A30-6774B8827070}"
EndProject
Project("{FAE04EC0-301F-11D3-BF4B-00C04F79EFBC}") = "Unity.InputSystem.ForUI", "Unity.InputSystem.ForUI.csproj", "{9FFC4285-7291-7B54-A193-02908BFF6C8F}"
EndProject
Project("{FAE04EC0-301F-11D3-BF4B-00C04F79EFBC}") = "Unity.Mathematics.Editor", "Unity.Mathematics.Editor.csproj", "{0EF0201B-E375-16CF-8E3C-6D8AF31ABC6B}"
EndProject
Project("{FAE04EC0-301F-11D3-BF4B-00C04F79EFBC}") = "Unity.InputSystem.TestFramework", "Unity.InputSystem.TestFramework.csproj", "{7EF7FB9E-E6D9-79DB-B282-C72A2F53B152}"
EndProject
Project("{FAE04EC0-301F-11D3-BF4B-00C04F79EFBC}") = "Unity.ShaderGraph.Utilities", "Unity.ShaderGraph.Utilities.csproj", "{2A5BC7FC-8CBF-B0D0-2375-D9482EF23142}"
EndProject
Project("{FAE04EC0-301F-11D3-BF4B-00C04F79EFBC}") = "Unity.VisualScripting.Shared.Editor", "Unity.VisualScripting.Shared.Editor.csproj", "{1E47B3FD-BB6C-CFFF-4BD5-E651EE740EEB}"
EndProject
Project("{FAE04EC0-301F-11D3-BF4B-00C04F79EFBC}") = "Unity.EditorCoroutines.Editor", "Unity.EditorCoroutines.Editor.csproj", "{073B1153-6465-47DB-1ED5-8019CFA08651}"
EndProject
Project("{FAE04EC0-301F-11D3-BF4B-00C04F79EFBC}") = "Unity.TerrainTools", "Unity.TerrainTools.csproj", "{0A1A241B-4380-4128-7801-B2D354559144}"
EndProject
Project("{FAE04EC0-301F-11D3-BF4B-00C04F79EFBC}") = "Unity.RenderPipelines.Universal.Config.Runtime", "Unity.RenderPipelines.Universal.Config.Runtime.csproj", "{1694B32C-7192-A2F0-195F-D7F2A3A1BE9E}"
EndProject
Project("{FAE04EC0-301F-11D3-BF4B-00C04F79EFBC}") = "Assembly-CSharp-Editor", "Assembly-CSharp-Editor.csproj", "{C0F49308-3706-8812-E0B0-DF8EA26C0D68}"
EndProject
Project("{FAE04EC0-301F-11D3-BF4B-00C04F79EFBC}") = "Unity.CollabProxy.Editor", "Unity.CollabProxy.Editor.csproj", "{9CEE2E05-69D0-318E-99BE-7A978D8B91F9}"
EndProject
Project("{FAE04EC0-301F-11D3-BF4B-00C04F79EFBC}") = "Unity.RenderPipelines.ShaderGraph.ShaderGraphLibrary", "Unity.RenderPipelines.ShaderGraph.ShaderGraphLibrary.csproj", "{B60D5A1B-0208-AF6B-B9E2-8D110ACA2F17}"
EndProject
Project("{FAE04EC0-301F-11D3-BF4B-00C04F79EFBC}") = "Unity.RenderPipelines.Core.ShaderLibrary", "Unity.RenderPipelines.Core.ShaderLibrary.csproj", "{ED54F5F1-4E5F-9785-FECA-23FC2BF6889A}"
EndProject
Project("{FAE04EC0-301F-11D3-BF4B-00C04F79EFBC}") = "Unity.RenderPipelines.Universal.Shaders", "Unity.RenderPipelines.Universal.Shaders.csproj", "{EA0142D9-CED5-3F87-117D-70D60EFC8491}"
EndProject
Global
	GlobalSection(SolutionConfigurationPlatforms) = preSolution
		Debug|Any CPU = Debug|Any CPU
		Release|Any CPU = Release|Any CPU
	EndGlobalSection
	GlobalSection(ProjectConfigurationPlatforms) = postSolution
		{05388EF6-E2E9-76E7-1228-5B369C917A27}.Debug|Any CPU.ActiveCfg = Debug|Any CPU
		{05388EF6-E2E9-76E7-1228-5B369C917A27}.Debug|Any CPU.Build.0 = Debug|Any CPU
		{05388EF6-E2E9-76E7-1228-5B369C917A27}.Release|Any CPU.ActiveCfg = Release|Any CPU
		{05388EF6-E2E9-76E7-1228-5B369C917A27}.Release|Any CPU.Build.0 = Release|Any CPU
		{7E4ACF1C-0CE5-32B7-2862-CAF267D00942}.Debug|Any CPU.ActiveCfg = Debug|Any CPU
		{7E4ACF1C-0CE5-32B7-2862-CAF267D00942}.Debug|Any CPU.Build.0 = Debug|Any CPU
		{7E4ACF1C-0CE5-32B7-2862-CAF267D00942}.Release|Any CPU.ActiveCfg = Release|Any CPU
		{7E4ACF1C-0CE5-32B7-2862-CAF267D00942}.Release|Any CPU.Build.0 = Release|Any CPU
		{26B9D78D-2B8C-707C-017E-5580CB415EEB}.Debug|Any CPU.ActiveCfg = Debug|Any CPU
		{26B9D78D-2B8C-707C-017E-5580CB415EEB}.Debug|Any CPU.Build.0 = Debug|Any CPU
		{26B9D78D-2B8C-707C-017E-5580CB415EEB}.Release|Any CPU.ActiveCfg = Release|Any CPU
		{26B9D78D-2B8C-707C-017E-5580CB415EEB}.Release|Any CPU.Build.0 = Release|Any CPU
		{1410B2E6-7F1A-E8CF-630A-0B9E76233E46}.Debug|Any CPU.ActiveCfg = Debug|Any CPU
		{1410B2E6-7F1A-E8CF-630A-0B9E76233E46}.Debug|Any CPU.Build.0 = Debug|Any CPU
		{1410B2E6-7F1A-E8CF-630A-0B9E76233E46}.Release|Any CPU.ActiveCfg = Release|Any CPU
		{1410B2E6-7F1A-E8CF-630A-0B9E76233E46}.Release|Any CPU.Build.0 = Release|Any CPU
		{BD459600-E13D-AAF5-A08E-777A85C3B95A}.Debug|Any CPU.ActiveCfg = Debug|Any CPU
		{BD459600-E13D-AAF5-A08E-777A85C3B95A}.Debug|Any CPU.Build.0 = Debug|Any CPU
		{BD459600-E13D-AAF5-A08E-777A85C3B95A}.Release|Any CPU.ActiveCfg = Release|Any CPU
		{BD459600-E13D-AAF5-A08E-777A85C3B95A}.Release|Any CPU.Build.0 = Release|Any CPU
		{8ECFCAB1-2A07-5FA1-3E72-979AAB1903E7}.Debug|Any CPU.ActiveCfg = Debug|Any CPU
		{8ECFCAB1-2A07-5FA1-3E72-979AAB1903E7}.Debug|Any CPU.Build.0 = Debug|Any CPU
		{8ECFCAB1-2A07-5FA1-3E72-979AAB1903E7}.Release|Any CPU.ActiveCfg = Release|Any CPU
		{8ECFCAB1-2A07-5FA1-3E72-979AAB1903E7}.Release|Any CPU.Build.0 = Release|Any CPU
		{46D6FE77-C97E-02F3-B5B8-56A53E2FC387}.Debug|Any CPU.ActiveCfg = Debug|Any CPU
		{46D6FE77-C97E-02F3-B5B8-56A53E2FC387}.Debug|Any CPU.Build.0 = Debug|Any CPU
		{46D6FE77-C97E-02F3-B5B8-56A53E2FC387}.Release|Any CPU.ActiveCfg = Release|Any CPU
		{46D6FE77-C97E-02F3-B5B8-56A53E2FC387}.Release|Any CPU.Build.0 = Release|Any CPU
		{DCC7111B-5C8C-5307-7852-762795DA7BD0}.Debug|Any CPU.ActiveCfg = Debug|Any CPU
		{DCC7111B-5C8C-5307-7852-762795DA7BD0}.Debug|Any CPU.Build.0 = Debug|Any CPU
		{DCC7111B-5C8C-5307-7852-762795DA7BD0}.Release|Any CPU.ActiveCfg = Release|Any CPU
		{DCC7111B-5C8C-5307-7852-762795DA7BD0}.Release|Any CPU.Build.0 = Release|Any CPU
		{7F88DC19-7819-09A9-260B-523ECF97460C}.Debug|Any CPU.ActiveCfg = Debug|Any CPU
		{7F88DC19-7819-09A9-260B-523ECF97460C}.Debug|Any CPU.Build.0 = Debug|Any CPU
		{7F88DC19-7819-09A9-260B-523ECF97460C}.Release|Any CPU.ActiveCfg = Release|Any CPU
		{7F88DC19-7819-09A9-260B-523ECF97460C}.Release|Any CPU.Build.0 = Release|Any CPU
		{FAE1B13D-B04F-FF74-2063-D79AB0B209FF}.Debug|Any CPU.ActiveCfg = Debug|Any CPU
		{FAE1B13D-B04F-FF74-2063-D79AB0B209FF}.Debug|Any CPU.Build.0 = Debug|Any CPU
		{FAE1B13D-B04F-FF74-2063-D79AB0B209FF}.Release|Any CPU.ActiveCfg = Release|Any CPU
		{FAE1B13D-B04F-FF74-2063-D79AB0B209FF}.Release|Any CPU.Build.0 = Release|Any CPU
		{608BD3B3-AEBF-01EB-379E-DCA052BB0C5D}.Debug|Any CPU.ActiveCfg = Debug|Any CPU
		{608BD3B3-AEBF-01EB-379E-DCA052BB0C5D}.Debug|Any CPU.Build.0 = Debug|Any CPU
		{608BD3B3-AEBF-01EB-379E-DCA052BB0C5D}.Release|Any CPU.ActiveCfg = Release|Any CPU
		{608BD3B3-AEBF-01EB-379E-DCA052BB0C5D}.Release|Any CPU.Build.0 = Release|Any CPU
		{0BAA26E1-173B-297A-F0F1-6ABFA382DFF5}.Debug|Any CPU.ActiveCfg = Debug|Any CPU
		{0BAA26E1-173B-297A-F0F1-6ABFA382DFF5}.Debug|Any CPU.Build.0 = Debug|Any CPU
		{0BAA26E1-173B-297A-F0F1-6ABFA382DFF5}.Release|Any CPU.ActiveCfg = Release|Any CPU
		{0BAA26E1-173B-297A-F0F1-6ABFA382DFF5}.Release|Any CPU.Build.0 = Release|Any CPU
		{9B7EFCC8-78B0-99E8-B076-FF9A177B98C6}.Debug|Any CPU.ActiveCfg = Debug|Any CPU
		{9B7EFCC8-78B0-99E8-B076-FF9A177B98C6}.Debug|Any CPU.Build.0 = Debug|Any CPU
		{9B7EFCC8-78B0-99E8-B076-FF9A177B98C6}.Release|Any CPU.ActiveCfg = Release|Any CPU
		{9B7EFCC8-78B0-99E8-B076-FF9A177B98C6}.Release|Any CPU.Build.0 = Release|Any CPU
		{40AFF586-57F9-2A7C-3715-2FB2685C83DD}.Debug|Any CPU.ActiveCfg = Debug|Any CPU
		{40AFF586-57F9-2A7C-3715-2FB2685C83DD}.Debug|Any CPU.Build.0 = Debug|Any CPU
		{40AFF586-57F9-2A7C-3715-2FB2685C83DD}.Release|Any CPU.ActiveCfg = Release|Any CPU
		{40AFF586-57F9-2A7C-3715-2FB2685C83DD}.Release|Any CPU.Build.0 = Release|Any CPU
		{96566466-41B5-5DB0-6CE2-5EAC84F5B11A}.Debug|Any CPU.ActiveCfg = Debug|Any CPU
		{96566466-41B5-5DB0-6CE2-5EAC84F5B11A}.Debug|Any CPU.Build.0 = Debug|Any CPU
		{96566466-41B5-5DB0-6CE2-5EAC84F5B11A}.Release|Any CPU.ActiveCfg = Release|Any CPU
		{96566466-41B5-5DB0-6CE2-5EAC84F5B11A}.Release|Any CPU.Build.0 = Release|Any CPU
		{6EC59683-6659-F6CB-3F6F-591799FBF18C}.Debug|Any CPU.ActiveCfg = Debug|Any CPU
		{6EC59683-6659-F6CB-3F6F-591799FBF18C}.Debug|Any CPU.Build.0 = Debug|Any CPU
		{6EC59683-6659-F6CB-3F6F-591799FBF18C}.Release|Any CPU.ActiveCfg = Release|Any CPU
		{6EC59683-6659-F6CB-3F6F-591799FBF18C}.Release|Any CPU.Build.0 = Release|Any CPU
		{E4AB05E4-EB3D-B39B-6617-9FA9DDDB4AE3}.Debug|Any CPU.ActiveCfg = Debug|Any CPU
		{E4AB05E4-EB3D-B39B-6617-9FA9DDDB4AE3}.Debug|Any CPU.Build.0 = Debug|Any CPU
		{E4AB05E4-EB3D-B39B-6617-9FA9DDDB4AE3}.Release|Any CPU.ActiveCfg = Release|Any CPU
		{E4AB05E4-EB3D-B39B-6617-9FA9DDDB4AE3}.Release|Any CPU.Build.0 = Release|Any CPU
		{BAB7DD01-3616-DFDB-62E2-5AB2CC3E9D98}.Debug|Any CPU.ActiveCfg = Debug|Any CPU
		{BAB7DD01-3616-DFDB-62E2-5AB2CC3E9D98}.Debug|Any CPU.Build.0 = Debug|Any CPU
		{BAB7DD01-3616-DFDB-62E2-5AB2CC3E9D98}.Release|Any CPU.ActiveCfg = Release|Any CPU
		{BAB7DD01-3616-DFDB-62E2-5AB2CC3E9D98}.Release|Any CPU.Build.0 = Release|Any CPU
		{D2931067-EB63-AA96-651A-973BFFDA14F0}.Debug|Any CPU.ActiveCfg = Debug|Any CPU
		{D2931067-EB63-AA96-651A-973BFFDA14F0}.Debug|Any CPU.Build.0 = Debug|Any CPU
		{D2931067-EB63-AA96-651A-973BFFDA14F0}.Release|Any CPU.ActiveCfg = Release|Any CPU
		{D2931067-EB63-AA96-651A-973BFFDA14F0}.Release|Any CPU.Build.0 = Release|Any CPU
		{718983F7-7132-923F-7232-0474B34E73C1}.Debug|Any CPU.ActiveCfg = Debug|Any CPU
		{718983F7-7132-923F-7232-0474B34E73C1}.Debug|Any CPU.Build.0 = Debug|Any CPU
		{718983F7-7132-923F-7232-0474B34E73C1}.Release|Any CPU.ActiveCfg = Release|Any CPU
		{718983F7-7132-923F-7232-0474B34E73C1}.Release|Any CPU.Build.0 = Release|Any CPU
		{844DFEB5-B44F-3F3C-C669-F3DADDA68487}.Debug|Any CPU.ActiveCfg = Debug|Any CPU
		{844DFEB5-B44F-3F3C-C669-F3DADDA68487}.Debug|Any CPU.Build.0 = Debug|Any CPU
		{844DFEB5-B44F-3F3C-C669-F3DADDA68487}.Release|Any CPU.ActiveCfg = Release|Any CPU
		{844DFEB5-B44F-3F3C-C669-F3DADDA68487}.Release|Any CPU.Build.0 = Release|Any CPU
		{09FC9863-B88E-6F68-7DEE-53512CBD6E65}.Debug|Any CPU.ActiveCfg = Debug|Any CPU
		{09FC9863-B88E-6F68-7DEE-53512CBD6E65}.Debug|Any CPU.Build.0 = Debug|Any CPU
		{09FC9863-B88E-6F68-7DEE-53512CBD6E65}.Release|Any CPU.ActiveCfg = Release|Any CPU
		{09FC9863-B88E-6F68-7DEE-53512CBD6E65}.Release|Any CPU.Build.0 = Release|Any CPU
		{BE5996B6-41B8-31D8-F047-D17DFD38F1A1}.Debug|Any CPU.ActiveCfg = Debug|Any CPU
		{BE5996B6-41B8-31D8-F047-D17DFD38F1A1}.Debug|Any CPU.Build.0 = Debug|Any CPU
		{BE5996B6-41B8-31D8-F047-D17DFD38F1A1}.Release|Any CPU.ActiveCfg = Release|Any CPU
		{BE5996B6-41B8-31D8-F047-D17DFD38F1A1}.Release|Any CPU.Build.0 = Release|Any CPU
		{CACEC754-CCFC-0505-27FA-43EB12E491DF}.Debug|Any CPU.ActiveCfg = Debug|Any CPU
		{CACEC754-CCFC-0505-27FA-43EB12E491DF}.Debug|Any CPU.Build.0 = Debug|Any CPU
		{CACEC754-CCFC-0505-27FA-43EB12E491DF}.Release|Any CPU.ActiveCfg = Release|Any CPU
		{CACEC754-CCFC-0505-27FA-43EB12E491DF}.Release|Any CPU.Build.0 = Release|Any CPU
		{81EC4219-F38B-2EE8-01C7-4620917C4D4A}.Debug|Any CPU.ActiveCfg = Debug|Any CPU
		{81EC4219-F38B-2EE8-01C7-4620917C4D4A}.Debug|Any CPU.Build.0 = Debug|Any CPU
		{81EC4219-F38B-2EE8-01C7-4620917C4D4A}.Release|Any CPU.ActiveCfg = Release|Any CPU
		{81EC4219-F38B-2EE8-01C7-4620917C4D4A}.Release|Any CPU.Build.0 = Release|Any CPU
		{76107945-4FCC-FA00-B66D-DB052F03306E}.Debug|Any CPU.ActiveCfg = Debug|Any CPU
		{76107945-4FCC-FA00-B66D-DB052F03306E}.Debug|Any CPU.Build.0 = Debug|Any CPU
		{76107945-4FCC-FA00-B66D-DB052F03306E}.Release|Any CPU.ActiveCfg = Release|Any CPU
		{76107945-4FCC-FA00-B66D-DB052F03306E}.Release|Any CPU.Build.0 = Release|Any CPU
		{7643CE5D-BB5F-C449-2F55-CF74DA5634F1}.Debug|Any CPU.ActiveCfg = Debug|Any CPU
		{7643CE5D-BB5F-C449-2F55-CF74DA5634F1}.Debug|Any CPU.Build.0 = Debug|Any CPU
		{7643CE5D-BB5F-C449-2F55-CF74DA5634F1}.Release|Any CPU.ActiveCfg = Release|Any CPU
		{7643CE5D-BB5F-C449-2F55-CF74DA5634F1}.Release|Any CPU.Build.0 = Release|Any CPU
		{F1EF66EB-3BA1-5825-B9C2-1E225308FDBF}.Debug|Any CPU.ActiveCfg = Debug|Any CPU
		{F1EF66EB-3BA1-5825-B9C2-1E225308FDBF}.Debug|Any CPU.Build.0 = Debug|Any CPU
		{F1EF66EB-3BA1-5825-B9C2-1E225308FDBF}.Release|Any CPU.ActiveCfg = Release|Any CPU
		{F1EF66EB-3BA1-5825-B9C2-1E225308FDBF}.Release|Any CPU.Build.0 = Release|Any CPU
		{4CA2B058-9682-84EB-1FF2-ACA62E91ED9F}.Debug|Any CPU.ActiveCfg = Debug|Any CPU
		{4CA2B058-9682-84EB-1FF2-ACA62E91ED9F}.Debug|Any CPU.Build.0 = Debug|Any CPU
		{4CA2B058-9682-84EB-1FF2-ACA62E91ED9F}.Release|Any CPU.ActiveCfg = Release|Any CPU
		{4CA2B058-9682-84EB-1FF2-ACA62E91ED9F}.Release|Any CPU.Build.0 = Release|Any CPU
		{E42A6B95-F214-FE94-3AA5-61A9F66EE833}.Debug|Any CPU.ActiveCfg = Debug|Any CPU
		{E42A6B95-F214-FE94-3AA5-61A9F66EE833}.Debug|Any CPU.Build.0 = Debug|Any CPU
		{E42A6B95-F214-FE94-3AA5-61A9F66EE833}.Release|Any CPU.ActiveCfg = Release|Any CPU
		{E42A6B95-F214-FE94-3AA5-61A9F66EE833}.Release|Any CPU.Build.0 = Release|Any CPU
		{D79E7D4B-F8CF-7538-E62F-49AB3BDFFD21}.Debug|Any CPU.ActiveCfg = Debug|Any CPU
		{D79E7D4B-F8CF-7538-E62F-49AB3BDFFD21}.Debug|Any CPU.Build.0 = Debug|Any CPU
		{D79E7D4B-F8CF-7538-E62F-49AB3BDFFD21}.Release|Any CPU.ActiveCfg = Release|Any CPU
		{D79E7D4B-F8CF-7538-E62F-49AB3BDFFD21}.Release|Any CPU.Build.0 = Release|Any CPU
		{2F26F907-9C30-BB3C-E7EE-4573B4F85AEE}.Debug|Any CPU.ActiveCfg = Debug|Any CPU
		{2F26F907-9C30-BB3C-E7EE-4573B4F85AEE}.Debug|Any CPU.Build.0 = Debug|Any CPU
		{2F26F907-9C30-BB3C-E7EE-4573B4F85AEE}.Release|Any CPU.ActiveCfg = Release|Any CPU
		{2F26F907-9C30-BB3C-E7EE-4573B4F85AEE}.Release|Any CPU.Build.0 = Release|Any CPU
		{D29E6575-36D8-7261-1348-1826272379E5}.Debug|Any CPU.ActiveCfg = Debug|Any CPU
		{D29E6575-36D8-7261-1348-1826272379E5}.Debug|Any CPU.Build.0 = Debug|Any CPU
		{D29E6575-36D8-7261-1348-1826272379E5}.Release|Any CPU.ActiveCfg = Release|Any CPU
		{D29E6575-36D8-7261-1348-1826272379E5}.Release|Any CPU.Build.0 = Release|Any CPU
		{B8D3B5B4-F3E9-4926-BD64-65980871969B}.Debug|Any CPU.ActiveCfg = Debug|Any CPU
		{B8D3B5B4-F3E9-4926-BD64-65980871969B}.Debug|Any CPU.Build.0 = Debug|Any CPU
		{B8D3B5B4-F3E9-4926-BD64-65980871969B}.Release|Any CPU.ActiveCfg = Release|Any CPU
		{B8D3B5B4-F3E9-4926-BD64-65980871969B}.Release|Any CPU.Build.0 = Release|Any CPU
		{1BFED2FB-C9AF-CE30-6460-4D9C385939D0}.Debug|Any CPU.ActiveCfg = Debug|Any CPU
		{1BFED2FB-C9AF-CE30-6460-4D9C385939D0}.Debug|Any CPU.Build.0 = Debug|Any CPU
		{1BFED2FB-C9AF-CE30-6460-4D9C385939D0}.Release|Any CPU.ActiveCfg = Release|Any CPU
		{1BFED2FB-C9AF-CE30-6460-4D9C385939D0}.Release|Any CPU.Build.0 = Release|Any CPU
		{527585CA-0C4F-95C7-C53A-D4E3D76AC33A}.Debug|Any CPU.ActiveCfg = Debug|Any CPU
		{527585CA-0C4F-95C7-C53A-D4E3D76AC33A}.Debug|Any CPU.Build.0 = Debug|Any CPU
		{527585CA-0C4F-95C7-C53A-D4E3D76AC33A}.Release|Any CPU.ActiveCfg = Release|Any CPU
		{527585CA-0C4F-95C7-C53A-D4E3D76AC33A}.Release|Any CPU.Build.0 = Release|Any CPU
		{867797B7-0F7A-D67A-C7E8-0282FB93196F}.Debug|Any CPU.ActiveCfg = Debug|Any CPU
		{867797B7-0F7A-D67A-C7E8-0282FB93196F}.Debug|Any CPU.Build.0 = Debug|Any CPU
		{867797B7-0F7A-D67A-C7E8-0282FB93196F}.Release|Any CPU.ActiveCfg = Release|Any CPU
		{867797B7-0F7A-D67A-C7E8-0282FB93196F}.Release|Any CPU.Build.0 = Release|Any CPU
		{98AD421F-A4A7-C38B-AB74-9D92F2F1751A}.Debug|Any CPU.ActiveCfg = Debug|Any CPU
		{98AD421F-A4A7-C38B-AB74-9D92F2F1751A}.Debug|Any CPU.Build.0 = Debug|Any CPU
		{98AD421F-A4A7-C38B-AB74-9D92F2F1751A}.Release|Any CPU.ActiveCfg = Release|Any CPU
		{98AD421F-A4A7-C38B-AB74-9D92F2F1751A}.Release|Any CPU.Build.0 = Release|Any CPU
		{5D115D2B-35B0-CA71-60CB-7E125F986B49}.Debug|Any CPU.ActiveCfg = Debug|Any CPU
		{5D115D2B-35B0-CA71-60CB-7E125F986B49}.Debug|Any CPU.Build.0 = Debug|Any CPU
		{5D115D2B-35B0-CA71-60CB-7E125F986B49}.Release|Any CPU.ActiveCfg = Release|Any CPU
		{5D115D2B-35B0-CA71-60CB-7E125F986B49}.Release|Any CPU.Build.0 = Release|Any CPU
		{498DAB16-036A-E8F9-2828-34D55A56D29F}.Debug|Any CPU.ActiveCfg = Debug|Any CPU
		{498DAB16-036A-E8F9-2828-34D55A56D29F}.Debug|Any CPU.Build.0 = Debug|Any CPU
		{498DAB16-036A-E8F9-2828-34D55A56D29F}.Release|Any CPU.ActiveCfg = Release|Any CPU
		{498DAB16-036A-E8F9-2828-34D55A56D29F}.Release|Any CPU.Build.0 = Release|Any CPU
		{21CCC87D-DF3B-6928-F9E4-8A42A66E8F1F}.Debug|Any CPU.ActiveCfg = Debug|Any CPU
		{21CCC87D-DF3B-6928-F9E4-8A42A66E8F1F}.Debug|Any CPU.Build.0 = Debug|Any CPU
		{21CCC87D-DF3B-6928-F9E4-8A42A66E8F1F}.Release|Any CPU.ActiveCfg = Release|Any CPU
		{21CCC87D-DF3B-6928-F9E4-8A42A66E8F1F}.Release|Any CPU.Build.0 = Release|Any CPU
		{CF2EA79C-2A6C-6FEE-4260-756422DBFCD6}.Debug|Any CPU.ActiveCfg = Debug|Any CPU
		{CF2EA79C-2A6C-6FEE-4260-756422DBFCD6}.Debug|Any CPU.Build.0 = Debug|Any CPU
		{CF2EA79C-2A6C-6FEE-4260-756422DBFCD6}.Release|Any CPU.ActiveCfg = Release|Any CPU
		{CF2EA79C-2A6C-6FEE-4260-756422DBFCD6}.Release|Any CPU.Build.0 = Release|Any CPU
		{513654B2-DC8E-8648-3A30-6774B8827070}.Debug|Any CPU.ActiveCfg = Debug|Any CPU
		{513654B2-DC8E-8648-3A30-6774B8827070}.Debug|Any CPU.Build.0 = Debug|Any CPU
		{513654B2-DC8E-8648-3A30-6774B8827070}.Release|Any CPU.ActiveCfg = Release|Any CPU
		{513654B2-DC8E-8648-3A30-6774B8827070}.Release|Any CPU.Build.0 = Release|Any CPU
		{9FFC4285-7291-7B54-A193-02908BFF6C8F}.Debug|Any CPU.ActiveCfg = Debug|Any CPU
		{9FFC4285-7291-7B54-A193-02908BFF6C8F}.Debug|Any CPU.Build.0 = Debug|Any CPU
		{9FFC4285-7291-7B54-A193-02908BFF6C8F}.Release|Any CPU.ActiveCfg = Release|Any CPU
		{9FFC4285-7291-7B54-A193-02908BFF6C8F}.Release|Any CPU.Build.0 = Release|Any CPU
		{0EF0201B-E375-16CF-8E3C-6D8AF31ABC6B}.Debug|Any CPU.ActiveCfg = Debug|Any CPU
		{0EF0201B-E375-16CF-8E3C-6D8AF31ABC6B}.Debug|Any CPU.Build.0 = Debug|Any CPU
		{0EF0201B-E375-16CF-8E3C-6D8AF31ABC6B}.Release|Any CPU.ActiveCfg = Release|Any CPU
		{0EF0201B-E375-16CF-8E3C-6D8AF31ABC6B}.Release|Any CPU.Build.0 = Release|Any CPU
		{7EF7FB9E-E6D9-79DB-B282-C72A2F53B152}.Debug|Any CPU.ActiveCfg = Debug|Any CPU
		{7EF7FB9E-E6D9-79DB-B282-C72A2F53B152}.Debug|Any CPU.Build.0 = Debug|Any CPU
		{7EF7FB9E-E6D9-79DB-B282-C72A2F53B152}.Release|Any CPU.ActiveCfg = Release|Any CPU
		{7EF7FB9E-E6D9-79DB-B282-C72A2F53B152}.Release|Any CPU.Build.0 = Release|Any CPU
		{2A5BC7FC-8CBF-B0D0-2375-D9482EF23142}.Debug|Any CPU.ActiveCfg = Debug|Any CPU
		{2A5BC7FC-8CBF-B0D0-2375-D9482EF23142}.Debug|Any CPU.Build.0 = Debug|Any CPU
		{2A5BC7FC-8CBF-B0D0-2375-D9482EF23142}.Release|Any CPU.ActiveCfg = Release|Any CPU
		{2A5BC7FC-8CBF-B0D0-2375-D9482EF23142}.Release|Any CPU.Build.0 = Release|Any CPU
		{1E47B3FD-BB6C-CFFF-4BD5-E651EE740EEB}.Debug|Any CPU.ActiveCfg = Debug|Any CPU
		{1E47B3FD-BB6C-CFFF-4BD5-E651EE740EEB}.Debug|Any CPU.Build.0 = Debug|Any CPU
		{1E47B3FD-BB6C-CFFF-4BD5-E651EE740EEB}.Release|Any CPU.ActiveCfg = Release|Any CPU
		{1E47B3FD-BB6C-CFFF-4BD5-E651EE740EEB}.Release|Any CPU.Build.0 = Release|Any CPU
		{073B1153-6465-47DB-1ED5-8019CFA08651}.Debug|Any CPU.ActiveCfg = Debug|Any CPU
		{073B1153-6465-47DB-1ED5-8019CFA08651}.Debug|Any CPU.Build.0 = Debug|Any CPU
		{073B1153-6465-47DB-1ED5-8019CFA08651}.Release|Any CPU.ActiveCfg = Release|Any CPU
		{073B1153-6465-47DB-1ED5-8019CFA08651}.Release|Any CPU.Build.0 = Release|Any CPU
		{0A1A241B-4380-4128-7801-B2D354559144}.Debug|Any CPU.ActiveCfg = Debug|Any CPU
		{0A1A241B-4380-4128-7801-B2D354559144}.Debug|Any CPU.Build.0 = Debug|Any CPU
		{0A1A241B-4380-4128-7801-B2D354559144}.Release|Any CPU.ActiveCfg = Release|Any CPU
		{0A1A241B-4380-4128-7801-B2D354559144}.Release|Any CPU.Build.0 = Release|Any CPU
		{1694B32C-7192-A2F0-195F-D7F2A3A1BE9E}.Debug|Any CPU.ActiveCfg = Debug|Any CPU
		{1694B32C-7192-A2F0-195F-D7F2A3A1BE9E}.Debug|Any CPU.Build.0 = Debug|Any CPU
		{1694B32C-7192-A2F0-195F-D7F2A3A1BE9E}.Release|Any CPU.ActiveCfg = Release|Any CPU
		{1694B32C-7192-A2F0-195F-D7F2A3A1BE9E}.Release|Any CPU.Build.0 = Release|Any CPU
		{C0F49308-3706-8812-E0B0-DF8EA26C0D68}.Debug|Any CPU.ActiveCfg = Debug|Any CPU
		{C0F49308-3706-8812-E0B0-DF8EA26C0D68}.Debug|Any CPU.Build.0 = Debug|Any CPU
		{C0F49308-3706-8812-E0B0-DF8EA26C0D68}.Release|Any CPU.ActiveCfg = Release|Any CPU
		{C0F49308-3706-8812-E0B0-DF8EA26C0D68}.Release|Any CPU.Build.0 = Release|Any CPU
		{9CEE2E05-69D0-318E-99BE-7A978D8B91F9}.Debug|Any CPU.ActiveCfg = Debug|Any CPU
		{9CEE2E05-69D0-318E-99BE-7A978D8B91F9}.Debug|Any CPU.Build.0 = Debug|Any CPU
		{9CEE2E05-69D0-318E-99BE-7A978D8B91F9}.Release|Any CPU.ActiveCfg = Release|Any CPU
		{9CEE2E05-69D0-318E-99BE-7A978D8B91F9}.Release|Any CPU.Build.0 = Release|Any CPU
		{B60D5A1B-0208-AF6B-B9E2-8D110ACA2F17}.Debug|Any CPU.ActiveCfg = Debug|Any CPU
		{B60D5A1B-0208-AF6B-B9E2-8D110ACA2F17}.Debug|Any CPU.Build.0 = Debug|Any CPU
		{B60D5A1B-0208-AF6B-B9E2-8D110ACA2F17}.Release|Any CPU.ActiveCfg = Release|Any CPU
		{B60D5A1B-0208-AF6B-B9E2-8D110ACA2F17}.Release|Any CPU.Build.0 = Release|Any CPU
		{ED54F5F1-4E5F-9785-FECA-23FC2BF6889A}.Debug|Any CPU.ActiveCfg = Debug|Any CPU
		{ED54F5F1-4E5F-9785-FECA-23FC2BF6889A}.Debug|Any CPU.Build.0 = Debug|Any CPU
		{ED54F5F1-4E5F-9785-FECA-23FC2BF6889A}.Release|Any CPU.ActiveCfg = Release|Any CPU
		{ED54F5F1-4E5F-9785-FECA-23FC2BF6889A}.Release|Any CPU.Build.0 = Release|Any CPU
		{EA0142D9-CED5-3F87-117D-70D60EFC8491}.Debug|Any CPU.ActiveCfg = Debug|Any CPU
		{EA0142D9-CED5-3F87-117D-70D60EFC8491}.Debug|Any CPU.Build.0 = Debug|Any CPU
		{EA0142D9-CED5-3F87-117D-70D60EFC8491}.Release|Any CPU.ActiveCfg = Release|Any CPU
		{EA0142D9-CED5-3F87-117D-70D60EFC8491}.Release|Any CPU.Build.0 = Release|Any CPU
	EndGlobalSection
	GlobalSection(SolutionProperties) = preSolution
		HideSolutionNode = FALSE
	EndGlobalSection
EndGlobal
